// !$*UTF8*$!
{
	archiveVersion = 1;
	classes = {
	};
	objectVersion = 48;
	objects = {

/* Begin PBXBuildFile section */
		422759841FBE60280064F5B9 /* AppDelegate.swift in Sources */ = {isa = PBXBuildFile; fileRef = 422759831FBE60280064F5B9 /* AppDelegate.swift */; };
		422759891FBE60280064F5B9 /* Main.storyboard in Resources */ = {isa = PBXBuildFile; fileRef = 422759871FBE60280064F5B9 /* Main.storyboard */; };
		4227598B1FBE60280064F5B9 /* Assets.xcassets in Resources */ = {isa = PBXBuildFile; fileRef = 4227598A1FBE60280064F5B9 /* Assets.xcassets */; };
		4227598E1FBE60280064F5B9 /* LaunchScreen.storyboard in Resources */ = {isa = PBXBuildFile; fileRef = 4227598C1FBE60280064F5B9 /* LaunchScreen.storyboard */; };
		422759991FBE60280064F5B9 /* Color_PickerTests.swift in Sources */ = {isa = PBXBuildFile; fileRef = 422759981FBE60280064F5B9 /* Color_PickerTests.swift */; };
		422759A41FBE60280064F5B9 /* Color_PickerUITests.swift in Sources */ = {isa = PBXBuildFile; fileRef = 422759A31FBE60280064F5B9 /* Color_PickerUITests.swift */; };
		422759B21FBE60B90064F5B9 /* ColorPickerViewController.swift in Sources */ = {isa = PBXBuildFile; fileRef = 422759B11FBE60B90064F5B9 /* ColorPickerViewController.swift */; };
		422759B61FBE616C0064F5B9 /* Color.swift in Sources */ = {isa = PBXBuildFile; fileRef = 422759B51FBE616C0064F5B9 /* Color.swift */; };
/* End PBXBuildFile section */

/* Begin PBXContainerItemProxy section */
		422759951FBE60280064F5B9 /* PBXContainerItemProxy */ = {
			isa = PBXContainerItemProxy;
			containerPortal = 422759781FBE60280064F5B9 /* Project object */;
			proxyType = 1;
			remoteGlobalIDString = 4227597F1FBE60280064F5B9;
			remoteInfo = "Color Picker";
		};
		422759A01FBE60280064F5B9 /* PBXContainerItemProxy */ = {
			isa = PBXContainerItemProxy;
			containerPortal = 422759781FBE60280064F5B9 /* Project object */;
			proxyType = 1;
			remoteGlobalIDString = 4227597F1FBE60280064F5B9;
			remoteInfo = "Color Picker";
		};
/* End PBXContainerItemProxy section */

/* Begin PBXFileReference section */
		422759801FBE60280064F5B9 /* Color Picker.app */ = {isa = PBXFileReference; explicitFileType = wrapper.application; includeInIndex = 0; path = "Color Picker.app"; sourceTree = BUILT_PRODUCTS_DIR; };
		422759831FBE60280064F5B9 /* AppDelegate.swift */ = {isa = PBXFileReference; lastKnownFileType = sourcecode.swift; path = AppDelegate.swift; sourceTree = "<group>"; };
		422759881FBE60280064F5B9 /* Base */ = {isa = PBXFileReference; lastKnownFileType = file.storyboard; name = Base; path = Base.lproj/Main.storyboard; sourceTree = "<group>"; };
		4227598A1FBE60280064F5B9 /* Assets.xcassets */ = {isa = PBXFileReference; lastKnownFileType = folder.assetcatalog; path = Assets.xcassets; sourceTree = "<group>"; };
		4227598D1FBE60280064F5B9 /* Base */ = {isa = PBXFileReference; lastKnownFileType = file.storyboard; name = Base; path = Base.lproj/LaunchScreen.storyboard; sourceTree = "<group>"; };
		4227598F1FBE60280064F5B9 /* Info.plist */ = {isa = PBXFileReference; lastKnownFileType = text.plist.xml; path = Info.plist; sourceTree = "<group>"; };
		422759941FBE60280064F5B9 /* Color PickerTests.xctest */ = {isa = PBXFileReference; explicitFileType = wrapper.cfbundle; includeInIndex = 0; path = "Color PickerTests.xctest"; sourceTree = BUILT_PRODUCTS_DIR; };
		422759981FBE60280064F5B9 /* Color_PickerTests.swift */ = {isa = PBXFileReference; lastKnownFileType = sourcecode.swift; path = Color_PickerTests.swift; sourceTree = "<group>"; };
		4227599A1FBE60280064F5B9 /* Info.plist */ = {isa = PBXFileReference; lastKnownFileType = text.plist.xml; path = Info.plist; sourceTree = "<group>"; };
		4227599F1FBE60280064F5B9 /* Color PickerUITests.xctest */ = {isa = PBXFileReference; explicitFileType = wrapper.cfbundle; includeInIndex = 0; path = "Color PickerUITests.xctest"; sourceTree = BUILT_PRODUCTS_DIR; };
		422759A31FBE60280064F5B9 /* Color_PickerUITests.swift */ = {isa = PBXFileReference; lastKnownFileType = sourcecode.swift; path = Color_PickerUITests.swift; sourceTree = "<group>"; };
		422759A51FBE60280064F5B9 /* Info.plist */ = {isa = PBXFileReference; lastKnownFileType = text.plist.xml; path = Info.plist; sourceTree = "<group>"; };
		422759B11FBE60B90064F5B9 /* ColorPickerViewController.swift */ = {isa = PBXFileReference; lastKnownFileType = sourcecode.swift; path = ColorPickerViewController.swift; sourceTree = "<group>"; };
		422759B51FBE616C0064F5B9 /* Color.swift */ = {isa = PBXFileReference; lastKnownFileType = sourcecode.swift; path = Color.swift; sourceTree = "<group>"; };
/* End PBXFileReference section */

/* Begin PBXFrameworksBuildPhase section */
		4227597D1FBE60280064F5B9 /* Frameworks */ = {
			isa = PBXFrameworksBuildPhase;
			buildActionMask = 2147483647;
			files = (
			);
			runOnlyForDeploymentPostprocessing = 0;
		};
		422759911FBE60280064F5B9 /* Frameworks */ = {
			isa = PBXFrameworksBuildPhase;
			buildActionMask = 2147483647;
			files = (
			);
			runOnlyForDeploymentPostprocessing = 0;
		};
		4227599C1FBE60280064F5B9 /* Frameworks */ = {
			isa = PBXFrameworksBuildPhase;
			buildActionMask = 2147483647;
			files = (
			);
			runOnlyForDeploymentPostprocessing = 0;
		};
/* End PBXFrameworksBuildPhase section */

/* Begin PBXGroup section */
		422759771FBE60280064F5B9 = {
			isa = PBXGroup;
			children = (
				422759821FBE60280064F5B9 /* Color Picker */,
				422759971FBE60280064F5B9 /* Color PickerTests */,
				422759A21FBE60280064F5B9 /* Color PickerUITests */,
				422759811FBE60280064F5B9 /* Products */,
			);
			sourceTree = "<group>";
		};
		422759811FBE60280064F5B9 /* Products */ = {
			isa = PBXGroup;
			children = (
				422759801FBE60280064F5B9 /* Color Picker.app */,
				422759941FBE60280064F5B9 /* Color PickerTests.xctest */,
				4227599F1FBE60280064F5B9 /* Color PickerUITests.xctest */,
			);
			name = Products;
			sourceTree = "<group>";
		};
		422759821FBE60280064F5B9 /* Color Picker */ = {
			isa = PBXGroup;
			children = (
				422759831FBE60280064F5B9 /* AppDelegate.swift */,
				422759871FBE60280064F5B9 /* Main.storyboard */,
				4227598A1FBE60280064F5B9 /* Assets.xcassets */,
				4227598C1FBE60280064F5B9 /* LaunchScreen.storyboard */,
				4227598F1FBE60280064F5B9 /* Info.plist */,
				422759B11FBE60B90064F5B9 /* ColorPickerViewController.swift */,
				422759B51FBE616C0064F5B9 /* Color.swift */,
			);
			path = "Color Picker";
			sourceTree = "<group>";
		};
		422759971FBE60280064F5B9 /* Color PickerTests */ = {
			isa = PBXGroup;
			children = (
				422759981FBE60280064F5B9 /* Color_PickerTests.swift */,
				4227599A1FBE60280064F5B9 /* Info.plist */,
			);
			path = "Color PickerTests";
			sourceTree = "<group>";
		};
		422759A21FBE60280064F5B9 /* Color PickerUITests */ = {
			isa = PBXGroup;
			children = (
				422759A31FBE60280064F5B9 /* Color_PickerUITests.swift */,
				422759A51FBE60280064F5B9 /* Info.plist */,
			);
			path = "Color PickerUITests";
			sourceTree = "<group>";
		};
/* End PBXGroup section */

/* Begin PBXNativeTarget section */
		4227597F1FBE60280064F5B9 /* Color Picker */ = {
			isa = PBXNativeTarget;
			buildConfigurationList = 422759A81FBE60280064F5B9 /* Build configuration list for PBXNativeTarget "Color Picker" */;
			buildPhases = (
				4227597C1FBE60280064F5B9 /* Sources */,
				4227597D1FBE60280064F5B9 /* Frameworks */,
				4227597E1FBE60280064F5B9 /* Resources */,
			);
			buildRules = (
			);
			dependencies = (
			);
			name = "Color Picker";
			productName = "Color Picker";
			productReference = 422759801FBE60280064F5B9 /* Color Picker.app */;
			productType = "com.apple.product-type.application";
		};
		422759931FBE60280064F5B9 /* Color PickerTests */ = {
			isa = PBXNativeTarget;
			buildConfigurationList = 422759AB1FBE60280064F5B9 /* Build configuration list for PBXNativeTarget "Color PickerTests" */;
			buildPhases = (
				422759901FBE60280064F5B9 /* Sources */,
				422759911FBE60280064F5B9 /* Frameworks */,
				422759921FBE60280064F5B9 /* Resources */,
			);
			buildRules = (
			);
			dependencies = (
				422759961FBE60280064F5B9 /* PBXTargetDependency */,
			);
			name = "Color PickerTests";
			productName = "Color PickerTests";
			productReference = 422759941FBE60280064F5B9 /* Color PickerTests.xctest */;
			productType = "com.apple.product-type.bundle.unit-test";
		};
		4227599E1FBE60280064F5B9 /* Color PickerUITests */ = {
			isa = PBXNativeTarget;
			buildConfigurationList = 422759AE1FBE60280064F5B9 /* Build configuration list for PBXNativeTarget "Color PickerUITests" */;
			buildPhases = (
				4227599B1FBE60280064F5B9 /* Sources */,
				4227599C1FBE60280064F5B9 /* Frameworks */,
				4227599D1FBE60280064F5B9 /* Resources */,
			);
			buildRules = (
			);
			dependencies = (
				422759A11FBE60280064F5B9 /* PBXTargetDependency */,
			);
			name = "Color PickerUITests";
			productName = "Color PickerUITests";
			productReference = 4227599F1FBE60280064F5B9 /* Color PickerUITests.xctest */;
			productType = "com.apple.product-type.bundle.ui-testing";
		};
/* End PBXNativeTarget section */

/* Begin PBXProject section */
		422759781FBE60280064F5B9 /* Project object */ = {
			isa = PBXProject;
			attributes = {
				LastSwiftUpdateCheck = 0900;
				LastUpgradeCheck = 0900;
				ORGANIZATIONNAME = "Shannon, Leandre D. (MU-Student)";
				TargetAttributes = {
					4227597F1FBE60280064F5B9 = {
						CreatedOnToolsVersion = 9.0;
						ProvisioningStyle = Automatic;
					};
					422759931FBE60280064F5B9 = {
						CreatedOnToolsVersion = 9.0;
						ProvisioningStyle = Automatic;
						TestTargetID = 4227597F1FBE60280064F5B9;
					};
					4227599E1FBE60280064F5B9 = {
						CreatedOnToolsVersion = 9.0;
						ProvisioningStyle = Automatic;
						TestTargetID = 4227597F1FBE60280064F5B9;
					};
				};
			};
			buildConfigurationList = 4227597B1FBE60280064F5B9 /* Build configuration list for PBXProject "Color Picker" */;
			compatibilityVersion = "Xcode 8.0";
			developmentRegion = en;
			hasScannedForEncodings = 0;
			knownRegions = (
				en,
				Base,
			);
			mainGroup = 422759771FBE60280064F5B9;
			productRefGroup = 422759811FBE60280064F5B9 /* Products */;
			projectDirPath = "";
			projectRoot = "";
			targets = (
				4227597F1FBE60280064F5B9 /* Color Picker */,
				422759931FBE60280064F5B9 /* Color PickerTests */,
				4227599E1FBE60280064F5B9 /* Color PickerUITests */,
			);
		};
/* End PBXProject section */

/* Begin PBXResourcesBuildPhase section */
		4227597E1FBE60280064F5B9 /* Resources */ = {
			isa = PBXResourcesBuildPhase;
			buildActionMask = 2147483647;
			files = (
				4227598E1FBE60280064F5B9 /* LaunchScreen.storyboard in Resources */,
				4227598B1FBE60280064F5B9 /* Assets.xcassets in Resources */,
				422759891FBE60280064F5B9 /* Main.storyboard in Resources */,
			);
			runOnlyForDeploymentPostprocessing = 0;
		};
		422759921FBE60280064F5B9 /* Resources */ = {
			isa = PBXResourcesBuildPhase;
			buildActionMask = 2147483647;
			files = (
			);
			runOnlyForDeploymentPostprocessing = 0;
		};
		4227599D1FBE60280064F5B9 /* Resources */ = {
			isa = PBXResourcesBuildPhase;
			buildActionMask = 2147483647;
			files = (
			);
			runOnlyForDeploymentPostprocessing = 0;
		};
/* End PBXResourcesBuildPhase section */

/* Begin PBXSourcesBuildPhase section */
		4227597C1FBE60280064F5B9 /* Sources */ = {
			isa = PBXSourcesBuildPhase;
			buildActionMask = 2147483647;
			files = (
				422759B21FBE60B90064F5B9 /* ColorPickerViewController.swift in Sources */,
				422759841FBE60280064F5B9 /* AppDelegate.swift in Sources */,
				422759B61FBE616C0064F5B9 /* Color.swift in Sources */,
			);
			runOnlyForDeploymentPostprocessing = 0;
		};
		422759901FBE60280064F5B9 /* Sources */ = {
			isa = PBXSourcesBuildPhase;
			buildActionMask = 2147483647;
			files = (
				422759991FBE60280064F5B9 /* Color_PickerTests.swift in Sources */,
			);
			runOnlyForDeploymentPostprocessing = 0;
		};
		4227599B1FBE60280064F5B9 /* Sources */ = {
			isa = PBXSourcesBuildPhase;
			buildActionMask = 2147483647;
			files = (
				422759A41FBE60280064F5B9 /* Color_PickerUITests.swift in Sources */,
			);
			runOnlyForDeploymentPostprocessing = 0;
		};
/* End PBXSourcesBuildPhase section */

/* Begin PBXTargetDependency section */
		422759961FBE60280064F5B9 /* PBXTargetDependency */ = {
			isa = PBXTargetDependency;
			target = 4227597F1FBE60280064F5B9 /* Color Picker */;
			targetProxy = 422759951FBE60280064F5B9 /* PBXContainerItemProxy */;
		};
		422759A11FBE60280064F5B9 /* PBXTargetDependency */ = {
			isa = PBXTargetDependency;
			target = 4227597F1FBE60280064F5B9 /* Color Picker */;
			targetProxy = 422759A01FBE60280064F5B9 /* PBXContainerItemProxy */;
		};
/* End PBXTargetDependency section */

/* Begin PBXVariantGroup section */
		422759871FBE60280064F5B9 /* Main.storyboard */ = {
			isa = PBXVariantGroup;
			children = (
				422759881FBE60280064F5B9 /* Base */,
			);
			name = Main.storyboard;
			sourceTree = "<group>";
		};
		4227598C1FBE60280064F5B9 /* LaunchScreen.storyboard */ = {
			isa = PBXVariantGroup;
			children = (
				4227598D1FBE60280064F5B9 /* Base */,
			);
			name = LaunchScreen.storyboard;
			sourceTree = "<group>";
		};
/* End PBXVariantGroup section */

/* Begin XCBuildConfiguration section */
		422759A61FBE60280064F5B9 /* Debug */ = {
			isa = XCBuildConfiguration;
			buildSettings = {
				ALWAYS_SEARCH_USER_PATHS = NO;
				CLANG_ANALYZER_NONNULL = YES;
				CLANG_ANALYZER_NUMBER_OBJECT_CONVERSION = YES_AGGRESSIVE;
				CLANG_CXX_LANGUAGE_STANDARD = "gnu++14";
				CLANG_CXX_LIBRARY = "libc++";
				CLANG_ENABLE_MODULES = YES;
				CLANG_ENABLE_OBJC_ARC = YES;
				CLANG_WARN_BLOCK_CAPTURE_AUTORELEASING = YES;
				CLANG_WARN_BOOL_CONVERSION = YES;
				CLANG_WARN_COMMA = YES;
				CLANG_WARN_CONSTANT_CONVERSION = YES;
				CLANG_WARN_DIRECT_OBJC_ISA_USAGE = YES_ERROR;
				CLANG_WARN_DOCUMENTATION_COMMENTS = YES;
				CLANG_WARN_EMPTY_BODY = YES;
				CLANG_WARN_ENUM_CONVERSION = YES;
				CLANG_WARN_INFINITE_RECURSION = YES;
				CLANG_WARN_INT_CONVERSION = YES;
				CLANG_WARN_NON_LITERAL_NULL_CONVERSION = YES;
				CLANG_WARN_OBJC_LITERAL_CONVERSION = YES;
				CLANG_WARN_OBJC_ROOT_CLASS = YES_ERROR;
				CLANG_WARN_RANGE_LOOP_ANALYSIS = YES;
				CLANG_WARN_STRICT_PROTOTYPES = YES;
				CLANG_WARN_SUSPICIOUS_MOVE = YES;
				CLANG_WARN_UNGUARDED_AVAILABILITY = YES_AGGRESSIVE;
				CLANG_WARN_UNREACHABLE_CODE = YES;
				CLANG_WARN__DUPLICATE_METHOD_MATCH = YES;
				CODE_SIGN_IDENTITY = "iPhone Developer";
				COPY_PHASE_STRIP = NO;
				DEBUG_INFORMATION_FORMAT = dwarf;
				ENABLE_STRICT_OBJC_MSGSEND = YES;
				ENABLE_TESTABILITY = YES;
				GCC_C_LANGUAGE_STANDARD = gnu11;
				GCC_DYNAMIC_NO_PIC = NO;
				GCC_NO_COMMON_BLOCKS = YES;
				GCC_OPTIMIZATION_LEVEL = 0;
				GCC_PREPROCESSOR_DEFINITIONS = (
					"DEBUG=1",
					"$(inherited)",
				);
				GCC_WARN_64_TO_32_BIT_CONVERSION = YES;
				GCC_WARN_ABOUT_RETURN_TYPE = YES_ERROR;
				GCC_WARN_UNDECLARED_SELECTOR = YES;
				GCC_WARN_UNINITIALIZED_AUTOS = YES_AGGRESSIVE;
				GCC_WARN_UNUSED_FUNCTION = YES;
				GCC_WARN_UNUSED_VARIABLE = YES;
				IPHONEOS_DEPLOYMENT_TARGET = 11.0;
				MTL_ENABLE_DEBUG_INFO = YES;
				ONLY_ACTIVE_ARCH = YES;
				SDKROOT = iphoneos;
				SWIFT_ACTIVE_COMPILATION_CONDITIONS = DEBUG;
				SWIFT_OPTIMIZATION_LEVEL = "-Onone";
			};
			name = Debug;
		};
		422759A71FBE60280064F5B9 /* Release */ = {
			isa = XCBuildConfiguration;
			buildSettings = {
				ALWAYS_SEARCH_USER_PATHS = NO;
				CLANG_ANALYZER_NONNULL = YES;
				CLANG_ANALYZER_NUMBER_OBJECT_CONVERSION = YES_AGGRESSIVE;
				CLANG_CXX_LANGUAGE_STANDARD = "gnu++14";
				CLANG_CXX_LIBRARY = "libc++";
				CLANG_ENABLE_MODULES = YES;
				CLANG_ENABLE_OBJC_ARC = YES;
				CLANG_WARN_BLOCK_CAPTURE_AUTORELEASING = YES;
				CLANG_WARN_BOOL_CONVERSION = YES;
				CLANG_WARN_COMMA = YES;
				CLANG_WARN_CONSTANT_CONVERSION = YES;
				CLANG_WARN_DIRECT_OBJC_ISA_USAGE = YES_ERROR;
				CLANG_WARN_DOCUMENTATION_COMMENTS = YES;
				CLANG_WARN_EMPTY_BODY = YES;
				CLANG_WARN_ENUM_CONVERSION = YES;
				CLANG_WARN_INFINITE_RECURSION = YES;
				CLANG_WARN_INT_CONVERSION = YES;
				CLANG_WARN_NON_LITERAL_NULL_CONVERSION = YES;
				CLANG_WARN_OBJC_LITERAL_CONVERSION = YES;
				CLANG_WARN_OBJC_ROOT_CLASS = YES_ERROR;
				CLANG_WARN_RANGE_LOOP_ANALYSIS = YES;
				CLANG_WARN_STRICT_PROTOTYPES = YES;
				CLANG_WARN_SUSPICIOUS_MOVE = YES;
				CLANG_WARN_UNGUARDED_AVAILABILITY = YES_AGGRESSIVE;
				CLANG_WARN_UNREACHABLE_CODE = YES;
				CLANG_WARN__DUPLICATE_METHOD_MATCH = YES;
				CODE_SIGN_IDENTITY = "iPhone Developer";
				COPY_PHASE_STRIP = NO;
				DEBUG_INFORMATION_FORMAT = "dwarf-with-dsym";
				ENABLE_NS_ASSERTIONS = NO;
				ENABLE_STRICT_OBJC_MSGSEND = YES;
				GCC_C_LANGUAGE_STANDARD = gnu11;
				GCC_NO_COMMON_BLOCKS = YES;
				GCC_WARN_64_TO_32_BIT_CONVERSION = YES;
				GCC_WARN_ABOUT_RETURN_TYPE = YES_ERROR;
				GCC_WARN_UNDECLARED_SELECTOR = YES;
				GCC_WARN_UNINITIALIZED_AUTOS = YES_AGGRESSIVE;
				GCC_WARN_UNUSED_FUNCTION = YES;
				GCC_WARN_UNUSED_VARIABLE = YES;
				IPHONEOS_DEPLOYMENT_TARGET = 11.0;
				MTL_ENABLE_DEBUG_INFO = NO;
				SDKROOT = iphoneos;
				SWIFT_OPTIMIZATION_LEVEL = "-Owholemodule";
				VALIDATE_PRODUCT = YES;
			};
			name = Release;
		};
		422759A91FBE60280064F5B9 /* Debug */ = {
			isa = XCBuildConfiguration;
			buildSettings = {
				ASSETCATALOG_COMPILER_APPICON_NAME = AppIcon;
				CODE_SIGN_STYLE = Automatic;
				INFOPLIST_FILE = "Color Picker/Info.plist";
				LD_RUNPATH_SEARCH_PATHS = "$(inherited) @executable_path/Frameworks";
				PRODUCT_BUNDLE_IDENTIFIER = "techinnovator.Color-Picker";
				PRODUCT_NAME = "$(TARGET_NAME)";
				SWIFT_VERSION = 4.0;
				TARGETED_DEVICE_FAMILY = "1,2";
			};
			name = Debug;
		};
		422759AA1FBE60280064F5B9 /* Release */ = {
			isa = XCBuildConfiguration;
			buildSettings = {
				ASSETCATALOG_COMPILER_APPICON_NAME = AppIcon;
				CODE_SIGN_STYLE = Automatic;
				INFOPLIST_FILE = "Color Picker/Info.plist";
				LD_RUNPATH_SEARCH_PATHS = "$(inherited) @executable_path/Frameworks";
				PRODUCT_BUNDLE_IDENTIFIER = "techinnovator.Color-Picker";
				PRODUCT_NAME = "$(TARGET_NAME)";
				SWIFT_VERSION = 4.0;
				TARGETED_DEVICE_FAMILY = "1,2";
			};
			name = Release;
		};
		422759AC1FBE60280064F5B9 /* Debug */ = {
			isa = XCBuildConfiguration;
			buildSettings = {
				ALWAYS_EMBED_SWIFT_STANDARD_LIBRARIES = YES;
				BUNDLE_LOADER = "$(TEST_HOST)";
				CODE_SIGN_STYLE = Automatic;
				INFOPLIST_FILE = "Color PickerTests/Info.plist";
				LD_RUNPATH_SEARCH_PATHS = "$(inherited) @executable_path/Frameworks @loader_path/Frameworks";
				PRODUCT_BUNDLE_IDENTIFIER = "techinnovator.Color-PickerTests";
				PRODUCT_NAME = "$(TARGET_NAME)";
				SWIFT_VERSION = 4.0;
				TARGETED_DEVICE_FAMILY = "1,2";
				TEST_HOST = "$(BUILT_PRODUCTS_DIR)/Color Picker.app/Color Picker";
			};
			name = Debug;
		};
		422759AD1FBE60280064F5B9 /* Release */ = {
			isa = XCBuildConfiguration;
			buildSettings = {
				ALWAYS_EMBED_SWIFT_STANDARD_LIBRARIES = YES;
				BUNDLE_LOADER = "$(TEST_HOST)";
				CODE_SIGN_STYLE = Automatic;
				INFOPLIST_FILE = "Color PickerTests/Info.plist";
				LD_RUNPATH_SEARCH_PATHS = "$(inherited) @executable_path/Frameworks @loader_path/Frameworks";
				PRODUCT_BUNDLE_IDENTIFIER = "techinnovator.Color-PickerTests";
				PRODUCT_NAME = "$(TARGET_NAME)";
				SWIFT_VERSION = 4.0;
				TARGETED_DEVICE_FAMILY = "1,2";
				TEST_HOST = "$(BUILT_PRODUCTS_DIR)/Color Picker.app/Color Picker";
			};
			name = Release;
		};
		422759AF1FBE60280064F5B9 /* Debug */ = {
			isa = XCBuildConfiguration;
			buildSettings = {
				ALWAYS_EMBED_SWIFT_STANDARD_LIBRARIES = YES;
				CODE_SIGN_STYLE = Automatic;
				INFOPLIST_FILE = "Color PickerUITests/Info.plist";
				LD_RUNPATH_SEARCH_PATHS = "$(inherited) @executable_path/Frameworks @loader_path/Frameworks";
				PRODUCT_BUNDLE_IDENTIFIER = "techinnovator.Color-PickerUITests";
				PRODUCT_NAME = "$(TARGET_NAME)";
				SWIFT_VERSION = 4.0;
				TARGETED_DEVICE_FAMILY = "1,2";
				TEST_TARGET_NAME = "Color Picker";
			};
			name = Debug;
		};
		422759B01FBE60280064F5B9 /* Release */ = {
			isa = XCBuildConfiguration;
			buildSettings = {
				ALWAYS_EMBED_SWIFT_STANDARD_LIBRARIES = YES;
				CODE_SIGN_STYLE = Automatic;
				INFOPLIST_FILE = "Color PickerUITests/Info.plist";
				LD_RUNPATH_SEARCH_PATHS = "$(inherited) @executable_path/Frameworks @loader_path/Frameworks";
				PRODUCT_BUNDLE_IDENTIFIER = "techinnovator.Color-PickerUITests";
				PRODUCT_NAME = "$(TARGET_NAME)";
				SWIFT_VERSION = 4.0;
				TARGETED_DEVICE_FAMILY = "1,2";
				TEST_TARGET_NAME = "Color Picker";
			};
			name = Release;
		};
/* End XCBuildConfiguration section */

/* Begin XCConfigurationList section */
		4227597B1FBE60280064F5B9 /* Build configuration list for PBXProject "Color Picker" */ = {
			isa = XCConfigurationList;
			buildConfigurations = (
				422759A61FBE60280064F5B9 /* Debug */,
				422759A71FBE60280064F5B9 /* Release */,
			);
			defaultConfigurationIsVisible = 0;
			defaultConfigurationName = Release;
		};
		422759A81FBE60280064F5B9 /* Build configuration list for PBXNativeTarget "Color Picker" */ = {
			isa = XCConfigurationList;
			buildConfigurations = (
				422759A91FBE60280064F5B9 /* Debug */,
				422759AA1FBE60280064F5B9 /* Release */,
			);
			defaultConfigurationIsVisible = 0;
			defaultConfigurationName = Release;
		};
		422759AB1FBE60280064F5B9 /* Build configuration list for PBXNativeTarget "Color PickerTests" */ = {
			isa = XCConfigurationList;
			buildConfigurations = (
				422759AC1FBE60280064F5B9 /* Debug */,
				422759AD1FBE60280064F5B9 /* Release */,
			);
			defaultConfigurationIsVisible = 0;
			defaultConfigurationName = Release;
		};
		422759AE1FBE60280064F5B9 /* Build configuration list for PBXNativeTarget "Color PickerUITests" */ = {
			isa = XCConfigurationList;
			buildConfigurations = (
				422759AF1FBE60280064F5B9 /* Debug */,
				422759B01FBE60280064F5B9 /* Release */,
			);
			defaultConfigurationIsVisible = 0;
			defaultConfigurationName = Release;
		};
/* End XCConfigurationList section */
	};
	rootObject = 422759781FBE60280064F5B9 /* Project object */;
}
